PODS:
  - Alamofire (5.10.2)
  - Cache (6.0.0)
  - CYLTabBarController (1.29.2):
    - CYLTabBarController/Core (= 1.29.2)
  - CYLTabBarController/Core (1.29.2)
  - EmptyDataSet-Swift (5.0.0)
  - HBDNavigationBar (1.9.8)
  - JLSwiftRouter (1.0.8)
  - JXSegmentedView (1.4.1)
  - Kingfisher (7.10.2)
  - MJRefresh (3.7.9)
  - Moya (15.0.0):
    - Moya/Core (= 15.0.0)
  - Moya/Core (15.0.0):
    - Alamofire (~> 5.0)
  - "NSObject+Rx (5.2.2)":
    - RxSwift (~> 6.2)
  - Reachability (3.7.6)
  - RxCocoa (6.8.0):
    - RxRelay (= 6.8.0)
    - RxSwift (= 6.8.0)
  - RxGesture (4.0.4):
    - RxCocoa (~> 6.0)
    - RxSwift (~> 6.0)
  - RxRelay (6.8.0):
    - RxSwift (= 6.8.0)
  - RxSwift (6.8.0)
  - RxSwiftExt (6.2.1):
    - RxSwiftExt/Core (= 6.2.1)
    - RxSwiftExt/RxCocoa (= 6.2.1)
  - RxSwiftExt/Core (6.2.1):
    - RxSwift (~> 6.0)
  - RxSwiftExt/RxCocoa (6.2.1):
    - RxCocoa (~> 6.0)
    - RxSwiftExt/Core
  - SnapKit (5.7.1)
  - SwiftyBeaver (2.1.1)
  - SwiftyJSON (5.0.2)

DEPENDENCIES:
  - Cache
  - CYLTabBarController
  - EmptyDataSet-Swift (~> 5.0.0)
  - HBDNavigationBar
  - JLSwiftRouter
  - JXSegmentedView
  - Kingfisher
  - MJRefresh
  - Moya
  - "NSObject+Rx"
  - Reachability
  - RxCocoa
  - RxGesture
  - RxSwift
  - RxSwiftExt
  - RxSwiftExt/Core
  - SnapKit
  - SwiftyBeaver
  - SwiftyJSON

SPEC REPOS:
  https://github.com/CocoaPods/Specs.git:
    - Alamofire
    - Cache
    - CYLTabBarController
    - EmptyDataSet-Swift
    - HBDNavigationBar
    - JLSwiftRouter
    - JXSegmentedView
    - Kingfisher
    - MJRefresh
    - Moya
    - "NSObject+Rx"
    - Reachability
    - RxCocoa
    - RxGesture
    - RxRelay
    - RxSwift
    - RxSwiftExt
    - SnapKit
    - SwiftyBeaver
    - SwiftyJSON

SPEC CHECKSUMS:
  Alamofire: 7193b3b92c74a07f85569e1a6c4f4237291e7496
  Cache: 4ca7e00363fca5455f26534e5607634c820ffc2d
  CYLTabBarController: db44b5901a28693a8a4279e4721b3aafdd36c178
  EmptyDataSet-Swift: eb382c0c87a2d9c678077385a595cec52da38171
  HBDNavigationBar: f6aaedfb1ead68975b22b893ec61bfc1946711f5
  JLSwiftRouter: 1e8f27e045685e076756dc3224e15f19fd37b61b
  JXSegmentedView: cd73555ce2134d1656db2cb383ba9c2f36fb5078
  Kingfisher: 99edc495d3b7607e6425f0d6f6847b2abd6d716d
  MJRefresh: ff9e531227924c84ce459338414550a05d2aea78
  Moya: 138f0573e53411fb3dc17016add0b748dfbd78ee
  "NSObject+Rx": 61cf1f7306a73dcef8b36649198af0813ec18dfd
  Reachability: fd0ecd23705e2599e4cceeb943222ae02296cbc6
  RxCocoa: 2d33c1e1e5d66492052ad46b11024ae287572880
  RxGesture: f3efb47ed2d26a8082f7b660d4a59970e275a7f8
  RxRelay: 335c78b926a2aea8d863a6d25f1ed3b5ad8e8705
  RxSwift: 4e28be97cbcfeee614af26d83415febbf2bf6f45
  RxSwiftExt: 43aaacb6a4d3c69c55e9d1cf4f79920043d13583
  SnapKit: d612e99e678a2d3b95bf60b0705ed0a35c03484a
  SwiftyBeaver: ade157e4f857812e7d7f15f2e3396bb8733f8a1c
  SwiftyJSON: f5b1bf1cd8dd53cd25887ac0eabcfd92301c6a5a

PODFILE CHECKSUM: 6844f95b1f1fc00bd3944db675057013301593e2

COCOAPODS: 1.16.2
